Microsoft Visual Studio Solution File, Format Version 11.00
# Visual Studio 2008

Project("{1BD4F45C-BDCF-516A-B483-050E71DBDB51}") = "InteractiveDance", "Assembly-CSharp.csproj", "{AFD30A1D-761E-B51A-D0A9-81DCC4678124}"
EndProject
Project("{1BD4F45C-BDCF-516A-B483-050E71DBDB51}") = "InteractiveDance", "Assembly-CSharp-Editor.csproj", "{AC0D2F02-207E-06D6-4C78-310F1C8B4991}"
EndProject
Global
	GlobalSection(SolutionConfigurationPlatforms) = preSolution
		Debug|Any CPU = Debug|Any CPU
		Release|Any CPU = Release|Any CPU
	EndGlobalSection
	GlobalSection(ProjectConfigurationPlatforms) = postSolution
		{AFD30A1D-761E-B51A-D0A9-81DCC4678124}.Debug|Any CPU.ActiveCfg = Debug|Any CPU
		{AFD30A1D-761E-B51A-D0A9-81DCC4678124}.Debug|Any CPU.Build.0 = Debug|Any CPU
		{AFD30A1D-761E-B51A-D0A9-81DCC4678124}.Release|Any CPU.ActiveCfg = Release|Any CPU
		{AFD30A1D-761E-B51A-D0A9-81DCC4678124}.Release|Any CPU.Build.0 = Release|Any CPU
		{AC0D2F02-207E-06D6-4C78-310F1C8B4991}.Debug|Any CPU.ActiveCfg = Debug|Any CPU
		{AC0D2F02-207E-06D6-4C78-310F1C8B4991}.Debug|Any CPU.Build.0 = Debug|Any CPU
		{AC0D2F02-207E-06D6-4C78-310F1C8B4991}.Release|Any CPU.ActiveCfg = Release|Any CPU
		{AC0D2F02-207E-06D6-4C78-310F1C8B4991}.Release|Any CPU.Build.0 = Release|Any CPU
	EndGlobalSection
	GlobalSection(SolutionProperties) = preSolution
		HideSolutionNode = FALSE
	EndGlobalSection
	GlobalSection(MonoDevelopProperties) = preSolution
		StartupItem = Assembly-CSharp.csproj
	EndGlobalSection
EndGlobal
